
Microsoft Visual Studio Solution File, Format Version 12.00
# Visual Studio Version 17
VisualStudioVersion = 17.8.34525.116
MinimumVisualStudioVersion = 10.0.40219.1
Project("{9A19103F-16F7-4668-BE54-9A1E7A4F7556}") = "WPFUI", "WPFUI\WPFUI.csproj", "{EFD89B72-988E-4B86-B470-4BA23138CBB6}"
EndProject
Project("{9A19103F-16F7-4668-BE54-9A1E7A4F7556}") = "Engine", "Engine\Engine.csproj", "{CC04FB82-9E8F-476A-9697-BF90C88524F7}"
EndProject
Project("{9A19103F-16F7-4668-BE54-9A1E7A4F7556}") = "TestEngine", "TestEngine\TestEngine.csproj", "{F7BCFFE7-BBCB-4B3E-9963-81783C39B2F6}"
EndProject
Project("{9A19103F-16F7-4668-BE54-9A1E7A4F7556}") = "SOSCSRPG.Models", "SOSCSRPG.Models\SOSCSRPG.Models.csproj", "{EF856239-9482-4CB3-85EF-D46E6B7579F1}"
EndProject
Project("{9A19103F-16F7-4668-BE54-9A1E7A4F7556}") = "SOSCSRPG.ViewModels", "SOSCSRPG.ViewModels\SOSCSRPG.ViewModels.csproj", "{4C252C2E-B5C6-4F45-A950-47AB049E61D0}"
EndProject
Project("{9A19103F-16F7-4668-BE54-9A1E7A4F7556}") = "SOSCSRPG.Services", "SOSCSRPG.Services\SOSCSRPG.Services.csproj", "{33AF9275-B104-4167-AAAF-44FD8D828428}"
EndProject
Project("{FAE04EC0-301F-11D3-BF4B-00C04F79EFBC}") = "SOSCSRPG.Core", "SOSCSRPG.Core\SOSCSRPG.Core.csproj", "{62E2E16D-D9F6-4C08-BD2E-B76885B8BD28}"
EndProject
Global
	GlobalSection(SolutionConfigurationPlatforms) = preSolution
		Debug|Any CPU = Debug|Any CPU
		Release|Any CPU = Release|Any CPU
	EndGlobalSection
	GlobalSection(ProjectConfigurationPlatforms) = postSolution
		{EFD89B72-988E-4B86-B470-4BA23138CBB6}.Debug|Any CPU.ActiveCfg = Debug|Any CPU
		{EFD89B72-988E-4B86-B470-4BA23138CBB6}.Debug|Any CPU.Build.0 = Debug|Any CPU
		{EFD89B72-988E-4B86-B470-4BA23138CBB6}.Release|Any CPU.ActiveCfg = Release|Any CPU
		{EFD89B72-988E-4B86-B470-4BA23138CBB6}.Release|Any CPU.Build.0 = Release|Any CPU
		{CC04FB82-9E8F-476A-9697-BF90C88524F7}.Debug|Any CPU.ActiveCfg = Debug|Any CPU
		{CC04FB82-9E8F-476A-9697-BF90C88524F7}.Debug|Any CPU.Build.0 = Debug|Any CPU
		{CC04FB82-9E8F-476A-9697-BF90C88524F7}.Release|Any CPU.ActiveCfg = Release|Any CPU
		{CC04FB82-9E8F-476A-9697-BF90C88524F7}.Release|Any CPU.Build.0 = Release|Any CPU
		{F7BCFFE7-BBCB-4B3E-9963-81783C39B2F6}.Debug|Any CPU.ActiveCfg = Debug|Any CPU
		{F7BCFFE7-BBCB-4B3E-9963-81783C39B2F6}.Debug|Any CPU.Build.0 = Debug|Any CPU
		{F7BCFFE7-BBCB-4B3E-9963-81783C39B2F6}.Release|Any CPU.ActiveCfg = Release|Any CPU
		{F7BCFFE7-BBCB-4B3E-9963-81783C39B2F6}.Release|Any CPU.Build.0 = Release|Any CPU
		{EF856239-9482-4CB3-85EF-D46E6B7579F1}.Debug|Any CPU.ActiveCfg = Debug|Any CPU
		{EF856239-9482-4CB3-85EF-D46E6B7579F1}.Debug|Any CPU.Build.0 = Debug|Any CPU
		{EF856239-9482-4CB3-85EF-D46E6B7579F1}.Release|Any CPU.ActiveCfg = Release|Any CPU
		{EF856239-9482-4CB3-85EF-D46E6B7579F1}.Release|Any CPU.Build.0 = Release|Any CPU
		{4C252C2E-B5C6-4F45-A950-47AB049E61D0}.Debug|Any CPU.ActiveCfg = Debug|Any CPU
		{4C252C2E-B5C6-4F45-A950-47AB049E61D0}.Debug|Any CPU.Build.0 = Debug|Any CPU
		{4C252C2E-B5C6-4F45-A950-47AB049E61D0}.Release|Any CPU.ActiveCfg = Release|Any CPU
		{4C252C2E-B5C6-4F45-A950-47AB049E61D0}.Release|Any CPU.Build.0 = Release|Any CPU
		{33AF9275-B104-4167-AAAF-44FD8D828428}.Debug|Any CPU.ActiveCfg = Debug|Any CPU
		{33AF9275-B104-4167-AAAF-44FD8D828428}.Debug|Any CPU.Build.0 = Debug|Any CPU
		{33AF9275-B104-4167-AAAF-44FD8D828428}.Release|Any CPU.ActiveCfg = Release|Any CPU
		{33AF9275-B104-4167-AAAF-44FD8D828428}.Release|Any CPU.Build.0 = Release|Any CPU
		{62E2E16D-D9F6-4C08-BD2E-B76885B8BD28}.Debug|Any CPU.ActiveCfg = Debug|Any CPU
		{62E2E16D-D9F6-4C08-BD2E-B76885B8BD28}.Debug|Any CPU.Build.0 = Debug|Any CPU
		{62E2E16D-D9F6-4C08-BD2E-B76885B8BD28}.Release|Any CPU.ActiveCfg = Release|Any CPU
		{62E2E16D-D9F6-4C08-BD2E-B76885B8BD28}.Release|Any CPU.Build.0 = Release|Any CPU
	EndGlobalSection
	GlobalSection(SolutionProperties) = preSolution
		HideSolutionNode = FALSE
	EndGlobalSection
	GlobalSection(ExtensibilityGlobals) = postSolution
		SolutionGuid = {3E0A4A8F-F296-4751-AE9D-5C2B5689CA2D}
	EndGlobalSection
EndGlobal
